{
  "name": "scoped-scroll",
  "version": "0.0.1",
  "lockfileVersion": 1,
  "requires": true,
  "dependencies": {
    "@types/underscore": {
      "version": "1.8.3",
      "resolved": "https://registry.npmjs.org/@types/underscore/-/underscore-1.8.3.tgz",
      "integrity": "sha512-DP70788BXjp9+CKArXOUlNkZaXa+rHonDpbqH3/74ez16dLL5z2/bMT37etbln5J+H9M07NbRUyduDIoTM2tnw=="
    },
    "typescript": {
      "version": "2.5.3",
      "resolved": "https://registry.npmjs.org/typescript/-/typescript-2.5.3.tgz",
      "integrity": "sha512-ptLSQs2S4QuS6/OD1eAKG+S5G8QQtrU5RT32JULdZQtM1L3WTi34Wsu48Yndzi8xsObRAB9RPt/KhA9wlpEF6w==",
      "dev": true
    },
    "underscore": {
      "version": "1.8.3",
      "resolved": "https://registry.npmjs.org/underscore/-/underscore-1.8.3.tgz",
      "integrity": "sha1-Tz+1OxBuYJf8+ctBCfKl6b36UCI="
    }
  }
}
