{
  "name": "scoped-scroll",
  "version": "0.2.5",
  "lockfileVersion": 1,
  "requires": true,
  "dependencies": {
    "@types/throttle-debounce": {
      "version": "1.0.0",
      "resolved": "https://registry.npmjs.org/@types/throttle-debounce/-/throttle-debounce-1.0.0.tgz",
      "integrity": "sha512-XnePZKb07ioE2Jm9JfJqSz3UoOvJO6Vv2wLjCoF5E54PYGAu/H+9bMVRO8EUXj5BwLnyCc/elWgH6/KUn4LLBg==",
      "dev": true
    },
    "throttle-debounce": {
      "version": "1.0.1",
      "resolved": "https://registry.npmjs.org/throttle-debounce/-/throttle-debounce-1.0.1.tgz",
      "integrity": "sha1-2tD+Ew+drzcZ/eoz3Dao5rp/MLU=",
      "dev": true
    },
    "typescript": {
      "version": "2.7.2",
      "resolved": "https://registry.npmjs.org/typescript/-/typescript-2.7.2.tgz",
      "integrity": "sha512-p5TCYZDAO0m4G344hD+wx/LATebLWZNkkh2asWUFqSsD2OrDNhbAHuSjobrmsUmdzjJjEeZVU9g1h3O6vpstnw==",
      "dev": true
    }
  }
}
