{
  "name": "scoped-scroll",
  "version": "0.0.1",
  "lockfileVersion": 1,
  "requires": true,
  "dependencies": {
    "@types/lodash": {
      "version": "4.14.76",
      "resolved": "https://registry.npmjs.org/@types/lodash/-/lodash-4.14.76.tgz",
      "integrity": "sha512-D9fps/hN+XLF7G6SprwfxSxT3SFpKF3qix5IUx41AxwI9Zrdv+3Gqn1gprb3/O/+x6lpT9STJEZib6sogddPpA=="
    },
    "@types/lodash.throttle": {
      "version": "4.1.3",
      "resolved": "https://registry.npmjs.org/@types/lodash.throttle/-/lodash.throttle-4.1.3.tgz",
      "integrity": "sha512-FUm7uMuYRX7dzqmgX02bxdBwC75owUxGA4dDKtFePDLJ6N1ofXxkRX3NhJV8wOrNs/wCjaY6sDVJrD1lbyERoQ==",
      "requires": {
        "@types/lodash": "4.14.76"
      }
    },
    "lodash": {
      "version": "4.17.4",
      "resolved": "https://registry.npmjs.org/lodash/-/lodash-4.17.4.tgz",
      "integrity": "sha1-eCA6TRwyiuHYbcpkYONptX9AVa4="
    },
    "typescript": {
      "version": "2.5.3",
      "resolved": "https://registry.npmjs.org/typescript/-/typescript-2.5.3.tgz",
      "integrity": "sha512-ptLSQs2S4QuS6/OD1eAKG+S5G8QQtrU5RT32JULdZQtM1L3WTi34Wsu48Yndzi8xsObRAB9RPt/KhA9wlpEF6w==",
      "dev": true
    }
  }
}
